
Microsoft Visual Studio Solution File, Format Version 12.00
# Visual Studio 15
VisualStudioVersion = 15.0.26430.16
MinimumVisualStudioVersion = 10.0.40219.1
Project("{9A19103F-16F7-4668-BE54-9A1E7A4F7556}") = "NRuneScape.Core", "src\NRuneScape.Core\NRuneScape.Core.csproj", "{317B8948-88AE-42EA-9965-CF70BAEB2C0C}"
EndProject
Project("{9A19103F-16F7-4668-BE54-9A1E7A4F7556}") = "NRuneScape.OldSchool", "src\NRuneScape.OldSchool\NRuneScape.OldSchool.csproj", "{05C47172-7F3D-4328-8682-E0FA0BE28599}"
EndProject
Project("{2150E333-8FDC-42A3-9474-1A3956D46DE8}") = "Impls", "Impls", "{6C871B35-51F4-488D-9748-B111FB84AE75}"
EndProject
Project("{2150E333-8FDC-42A3-9474-1A3956D46DE8}") = "tests", "tests", "{1F2194F2-3700-4AA0-80F7-A1FE35C4B56E}"
EndProject
Project("{9A19103F-16F7-4668-BE54-9A1E7A4F7556}") = "NRuneScape.RuneScape3", "src\NRuneScape.RuneScape3\NRuneScape.RuneScape3.csproj", "{57236183-4823-44A7-9C60-D0F7AF9B8CFA}"
EndProject
Project("{2150E333-8FDC-42A3-9474-1A3956D46DE8}") = "Solution Items", "Solution Items", "{608C1796-3A37-4DE0-950F-C337A0250875}"
	ProjectSection(SolutionItems) = preProject
		.gitignore = .gitignore
		LICENSE.txt = LICENSE.txt
	EndProjectSection
EndProject
Project("{9A19103F-16F7-4668-BE54-9A1E7A4F7556}") = "NRuneScape.Rest", "src\NRuneScape.Rest\NRuneScape.Rest.csproj", "{55D9171A-9123-467D-9A85-8A1FB915EC67}"
EndProject
Project("{9A19103F-16F7-4668-BE54-9A1E7A4F7556}") = "NRunescape.OldSchool.Tests", "tests\NRunescape.OldSchool.Tests\NRunescape.OldSchool.Tests.csproj", "{DECF3D8C-EBD7-450A-80C9-823DB643781D}"
EndProject
Project("{9A19103F-16F7-4668-BE54-9A1E7A4F7556}") = "NRuneScape.RuneScape3.Tests", "tests\NRuneScape.RuneScape3.Tests\NRuneScape.RuneScape3.Tests.csproj", "{B5E28DE1-6EA5-4DF1-AB1F-F9725FF95688}"
EndProject
Project("{2150E333-8FDC-42A3-9474-1A3956D46DE8}") = "GitHub", "GitHub", "{D2B1EF13-AF40-4FB2-94E7-B43FD28144D8}"
	ProjectSection(SolutionItems) = preProject
		ISSUE_TEMPLATE.md = ISSUE_TEMPLATE.md
		PULL_REQUEST_TEMPLATE.md = PULL_REQUEST_TEMPLATE.md
		.github\README.md = .github\README.md
	EndProjectSection
EndProject
Project("{2150E333-8FDC-42A3-9474-1A3956D46DE8}") = "Deployment", "Deployment", "{CE83ECBC-8B50-4DBF-A013-9C4953C0312C}"
	ProjectSection(SolutionItems) = preProject
		src\NRuneScape\NRuneScape.nuspec = src\NRuneScape\NRuneScape.nuspec
		NRuneScape.targets = NRuneScape.targets
	EndProjectSection
EndProject
Project("{2150E333-8FDC-42A3-9474-1A3956D46DE8}") = "CI", "CI", "{E00CE0D1-7241-4C78-9FC1-F930A83CF506}"
	ProjectSection(SolutionItems) = preProject
		appveyor.yml = appveyor.yml
	EndProjectSection
EndProject
Project("{9A19103F-16F7-4668-BE54-9A1E7A4F7556}") = "NRuneScape.Rest.Tests", "tests\NRuneScape.Rest.Tests\NRuneScape.Rest.Tests.csproj", "{7A561163-41D5-42DC-A65A-4B3A2C4CD572}"
EndProject
Project("{2150E333-8FDC-42A3-9474-1A3956D46DE8}") = "Extensions", "Extensions", "{11C4C476-3639-431C-89EB-8EF0814B9E01}"
EndProject
Global
	GlobalSection(SolutionConfigurationPlatforms) = preSolution
		Debug|Any CPU = Debug|Any CPU
		Release|Any CPU = Release|Any CPU
	EndGlobalSection
	GlobalSection(ProjectConfigurationPlatforms) = postSolution
		{317B8948-88AE-42EA-9965-CF70BAEB2C0C}.Debug|Any CPU.ActiveCfg = Debug|Any CPU
		{317B8948-88AE-42EA-9965-CF70BAEB2C0C}.Debug|Any CPU.Build.0 = Debug|Any CPU
		{317B8948-88AE-42EA-9965-CF70BAEB2C0C}.Release|Any CPU.ActiveCfg = Release|Any CPU
		{317B8948-88AE-42EA-9965-CF70BAEB2C0C}.Release|Any CPU.Build.0 = Release|Any CPU
		{05C47172-7F3D-4328-8682-E0FA0BE28599}.Debug|Any CPU.ActiveCfg = Debug|Any CPU
		{05C47172-7F3D-4328-8682-E0FA0BE28599}.Debug|Any CPU.Build.0 = Debug|Any CPU
		{05C47172-7F3D-4328-8682-E0FA0BE28599}.Release|Any CPU.ActiveCfg = Release|Any CPU
		{05C47172-7F3D-4328-8682-E0FA0BE28599}.Release|Any CPU.Build.0 = Release|Any CPU
		{57236183-4823-44A7-9C60-D0F7AF9B8CFA}.Debug|Any CPU.ActiveCfg = Debug|Any CPU
		{57236183-4823-44A7-9C60-D0F7AF9B8CFA}.Debug|Any CPU.Build.0 = Debug|Any CPU
		{57236183-4823-44A7-9C60-D0F7AF9B8CFA}.Release|Any CPU.ActiveCfg = Release|Any CPU
		{57236183-4823-44A7-9C60-D0F7AF9B8CFA}.Release|Any CPU.Build.0 = Release|Any CPU
		{55D9171A-9123-467D-9A85-8A1FB915EC67}.Debug|Any CPU.ActiveCfg = Debug|Any CPU
		{55D9171A-9123-467D-9A85-8A1FB915EC67}.Debug|Any CPU.Build.0 = Debug|Any CPU
		{55D9171A-9123-467D-9A85-8A1FB915EC67}.Release|Any CPU.ActiveCfg = Release|Any CPU
		{55D9171A-9123-467D-9A85-8A1FB915EC67}.Release|Any CPU.Build.0 = Release|Any CPU
		{DECF3D8C-EBD7-450A-80C9-823DB643781D}.Debug|Any CPU.ActiveCfg = Debug|Any CPU
		{DECF3D8C-EBD7-450A-80C9-823DB643781D}.Debug|Any CPU.Build.0 = Debug|Any CPU
		{DECF3D8C-EBD7-450A-80C9-823DB643781D}.Release|Any CPU.ActiveCfg = Release|Any CPU
		{DECF3D8C-EBD7-450A-80C9-823DB643781D}.Release|Any CPU.Build.0 = Release|Any CPU
		{B5E28DE1-6EA5-4DF1-AB1F-F9725FF95688}.Debug|Any CPU.ActiveCfg = Debug|Any CPU
		{B5E28DE1-6EA5-4DF1-AB1F-F9725FF95688}.Debug|Any CPU.Build.0 = Debug|Any CPU
		{B5E28DE1-6EA5-4DF1-AB1F-F9725FF95688}.Release|Any CPU.ActiveCfg = Release|Any CPU
		{B5E28DE1-6EA5-4DF1-AB1F-F9725FF95688}.Release|Any CPU.Build.0 = Release|Any CPU
		{7A561163-41D5-42DC-A65A-4B3A2C4CD572}.Debug|Any CPU.ActiveCfg = Debug|Any CPU
		{7A561163-41D5-42DC-A65A-4B3A2C4CD572}.Debug|Any CPU.Build.0 = Debug|Any CPU
		{7A561163-41D5-42DC-A65A-4B3A2C4CD572}.Release|Any CPU.ActiveCfg = Release|Any CPU
		{7A561163-41D5-42DC-A65A-4B3A2C4CD572}.Release|Any CPU.Build.0 = Release|Any CPU
	EndGlobalSection
	GlobalSection(SolutionProperties) = preSolution
		HideSolutionNode = FALSE
	EndGlobalSection
	GlobalSection(NestedProjects) = preSolution
		{05C47172-7F3D-4328-8682-E0FA0BE28599} = {6C871B35-51F4-488D-9748-B111FB84AE75}
		{57236183-4823-44A7-9C60-D0F7AF9B8CFA} = {6C871B35-51F4-488D-9748-B111FB84AE75}
		{DECF3D8C-EBD7-450A-80C9-823DB643781D} = {1F2194F2-3700-4AA0-80F7-A1FE35C4B56E}
		{B5E28DE1-6EA5-4DF1-AB1F-F9725FF95688} = {1F2194F2-3700-4AA0-80F7-A1FE35C4B56E}
		{D2B1EF13-AF40-4FB2-94E7-B43FD28144D8} = {608C1796-3A37-4DE0-950F-C337A0250875}
		{CE83ECBC-8B50-4DBF-A013-9C4953C0312C} = {608C1796-3A37-4DE0-950F-C337A0250875}
		{E00CE0D1-7241-4C78-9FC1-F930A83CF506} = {608C1796-3A37-4DE0-950F-C337A0250875}
		{7A561163-41D5-42DC-A65A-4B3A2C4CD572} = {1F2194F2-3700-4AA0-80F7-A1FE35C4B56E}
	EndGlobalSection
EndGlobal
