
Microsoft Visual Studio Solution File, Format Version 12.00
# Visual Studio 15
VisualStudioVersion = 15.0.26430.15
MinimumVisualStudioVersion = 10.0.40219.1
Project("{FAE04EC0-301F-11D3-BF4B-00C04F79EFBC}") = "NRuneScape.Core", "src\NRuneScape.Core\NRuneScape.Core.csproj", "{317B8948-88AE-42EA-9965-CF70BAEB2C0C}"
EndProject
Project("{9A19103F-16F7-4668-BE54-9A1E7A4F7556}") = "NRuneScape.OldSchool", "src\NRuneScape.OldSchool\NRuneScape.OldSchool.csproj", "{05C47172-7F3D-4328-8682-E0FA0BE28599}"
EndProject
Project("{2150E333-8FDC-42A3-9474-1A3956D46DE8}") = "Impls", "Impls", "{6C871B35-51F4-488D-9748-B111FB84AE75}"
EndProject
Project("{2150E333-8FDC-42A3-9474-1A3956D46DE8}") = "tests", "tests", "{1F2194F2-3700-4AA0-80F7-A1FE35C4B56E}"
EndProject
Project("{9A19103F-16F7-4668-BE54-9A1E7A4F7556}") = "NRuneScape.RuneScape3", "src\NRuneScape.RuneScape3\NRuneScape.RuneScape3.csproj", "{57236183-4823-44A7-9C60-D0F7AF9B8CFA}"
EndProject
Project("{2150E333-8FDC-42A3-9474-1A3956D46DE8}") = "Solution Items", "Solution Items", "{608C1796-3A37-4DE0-950F-C337A0250875}"
	ProjectSection(SolutionItems) = preProject
		.gitignore = .gitignore
		appveyor.yml = appveyor.yml
	EndProjectSection
EndProject
Project("{9A19103F-16F7-4668-BE54-9A1E7A4F7556}") = "NRuneScape.Rest", "src\NRuneScape.Rest\NRuneScape.Rest.csproj", "{55D9171A-9123-467D-9A85-8A1FB915EC67}"
EndProject
Project("{9A19103F-16F7-4668-BE54-9A1E7A4F7556}") = "NRunescape.OldSchool.Tests", "tests\NRunescape.OldSchool.Tests\NRunescape.OldSchool.Tests.csproj", "{DECF3D8C-EBD7-450A-80C9-823DB643781D}"
EndProject
Project("{FAE04EC0-301F-11D3-BF4B-00C04F79EFBC}") = "NRuneScape.RuneScape3.Tests", "tests\NRuneScape.RuneScape3.Tests\NRuneScape.RuneScape3.Tests.csproj", "{B5E28DE1-6EA5-4DF1-AB1F-F9725FF95688}"
EndProject
Global
	GlobalSection(SolutionConfigurationPlatforms) = preSolution
		Debug|Any CPU = Debug|Any CPU
		Release|Any CPU = Release|Any CPU
	EndGlobalSection
	GlobalSection(ProjectConfigurationPlatforms) = postSolution
		{317B8948-88AE-42EA-9965-CF70BAEB2C0C}.Debug|Any CPU.ActiveCfg = Debug|Any CPU
		{317B8948-88AE-42EA-9965-CF70BAEB2C0C}.Debug|Any CPU.Build.0 = Debug|Any CPU
		{317B8948-88AE-42EA-9965-CF70BAEB2C0C}.Release|Any CPU.ActiveCfg = Release|Any CPU
		{317B8948-88AE-42EA-9965-CF70BAEB2C0C}.Release|Any CPU.Build.0 = Release|Any CPU
		{05C47172-7F3D-4328-8682-E0FA0BE28599}.Debug|Any CPU.ActiveCfg = Debug|Any CPU
		{05C47172-7F3D-4328-8682-E0FA0BE28599}.Debug|Any CPU.Build.0 = Debug|Any CPU
		{05C47172-7F3D-4328-8682-E0FA0BE28599}.Release|Any CPU.ActiveCfg = Release|Any CPU
		{05C47172-7F3D-4328-8682-E0FA0BE28599}.Release|Any CPU.Build.0 = Release|Any CPU
		{57236183-4823-44A7-9C60-D0F7AF9B8CFA}.Debug|Any CPU.ActiveCfg = Debug|Any CPU
		{57236183-4823-44A7-9C60-D0F7AF9B8CFA}.Debug|Any CPU.Build.0 = Debug|Any CPU
		{57236183-4823-44A7-9C60-D0F7AF9B8CFA}.Release|Any CPU.ActiveCfg = Release|Any CPU
		{57236183-4823-44A7-9C60-D0F7AF9B8CFA}.Release|Any CPU.Build.0 = Release|Any CPU
		{55D9171A-9123-467D-9A85-8A1FB915EC67}.Debug|Any CPU.ActiveCfg = Debug|Any CPU
		{55D9171A-9123-467D-9A85-8A1FB915EC67}.Debug|Any CPU.Build.0 = Debug|Any CPU
		{55D9171A-9123-467D-9A85-8A1FB915EC67}.Release|Any CPU.ActiveCfg = Release|Any CPU
		{55D9171A-9123-467D-9A85-8A1FB915EC67}.Release|Any CPU.Build.0 = Release|Any CPU
		{DECF3D8C-EBD7-450A-80C9-823DB643781D}.Debug|Any CPU.ActiveCfg = Debug|Any CPU
		{DECF3D8C-EBD7-450A-80C9-823DB643781D}.Debug|Any CPU.Build.0 = Debug|Any CPU
		{DECF3D8C-EBD7-450A-80C9-823DB643781D}.Release|Any CPU.ActiveCfg = Release|Any CPU
		{DECF3D8C-EBD7-450A-80C9-823DB643781D}.Release|Any CPU.Build.0 = Release|Any CPU
		{B5E28DE1-6EA5-4DF1-AB1F-F9725FF95688}.Debug|Any CPU.ActiveCfg = Debug|Any CPU
		{B5E28DE1-6EA5-4DF1-AB1F-F9725FF95688}.Debug|Any CPU.Build.0 = Debug|Any CPU
		{B5E28DE1-6EA5-4DF1-AB1F-F9725FF95688}.Release|Any CPU.ActiveCfg = Release|Any CPU
		{B5E28DE1-6EA5-4DF1-AB1F-F9725FF95688}.Release|Any CPU.Build.0 = Release|Any CPU
	EndGlobalSection
	GlobalSection(SolutionProperties) = preSolution
		HideSolutionNode = FALSE
	EndGlobalSection
	GlobalSection(NestedProjects) = preSolution
		{05C47172-7F3D-4328-8682-E0FA0BE28599} = {6C871B35-51F4-488D-9748-B111FB84AE75}
		{57236183-4823-44A7-9C60-D0F7AF9B8CFA} = {6C871B35-51F4-488D-9748-B111FB84AE75}
		{DECF3D8C-EBD7-450A-80C9-823DB643781D} = {1F2194F2-3700-4AA0-80F7-A1FE35C4B56E}
		{B5E28DE1-6EA5-4DF1-AB1F-F9725FF95688} = {1F2194F2-3700-4AA0-80F7-A1FE35C4B56E}
	EndGlobalSection
EndGlobal
